
Microsoft Visual Studio Solution File, Format Version 12.00
# Visual Studio Version 17
VisualStudioVersion = 17.8.34330.188
MinimumVisualStudioVersion = 10.0.40219.1
Project("{FAE04EC0-301F-11D3-BF4B-00C04F79EFBC}") = "testy", "testy\testy.csproj", "{ADDCACEA-E6B0-4BF2-B1CC-B5A007B5D88E}"
EndProject
Project("{FAE04EC0-301F-11D3-BF4B-00C04F79EFBC}") = "TestProject1", "TestProject1\TestProject1.csproj", "{3729DB08-199F-42EA-9AAD-3FB977A62063}"
EndProject
Global
	GlobalSection(SolutionConfigurationPlatforms) = preSolution
		Debug|Any CPU = Debug|Any CPU
		Release|Any CPU = Release|Any CPU
	EndGlobalSection
	GlobalSection(ProjectConfigurationPlatforms) = postSolution
		{ADDCACEA-E6B0-4BF2-B1CC-B5A007B5D88E}.Debug|Any CPU.ActiveCfg = Debug|Any CPU
		{ADDCACEA-E6B0-4BF2-B1CC-B5A007B5D88E}.Debug|Any CPU.Build.0 = Debug|Any CPU
		{ADDCACEA-E6B0-4BF2-B1CC-B5A007B5D88E}.Release|Any CPU.ActiveCfg = Release|Any CPU
		{ADDCACEA-E6B0-4BF2-B1CC-B5A007B5D88E}.Release|Any CPU.Build.0 = Release|Any CPU
		{3729DB08-199F-42EA-9AAD-3FB977A62063}.Debug|Any CPU.ActiveCfg = Debug|Any CPU
		{3729DB08-199F-42EA-9AAD-3FB977A62063}.Debug|Any CPU.Build.0 = Debug|Any CPU
		{3729DB08-199F-42EA-9AAD-3FB977A62063}.Release|Any CPU.ActiveCfg = Release|Any CPU
		{3729DB08-199F-42EA-9AAD-3FB977A62063}.Release|Any CPU.Build.0 = Release|Any CPU
	EndGlobalSection
	GlobalSection(SolutionProperties) = preSolution
		HideSolutionNode = FALSE
	EndGlobalSection
	GlobalSection(ExtensibilityGlobals) = postSolution
		SolutionGuid = {2F141025-E34C-42F9-9E6A-05F998EAEB1E}
	EndGlobalSection
EndGlobal
